// !$*UTF8*$!
{
	archiveVersion = 1;
	classes = {
	};
	objectVersion = 46;
	objects = {

/* Begin PBXBuildFile section */
		AEB9D3A51B269EC300AFA151 /* main.m in Sources */ = {isa = PBXBuildFile; fileRef = AEB9D3A41B269EC300AFA151 /* main.m */; };
		AEB9D3A81B269EC300AFA151 /* AppDelegate.m in Sources */ = {isa = PBXBuildFile; fileRef = AEB9D3A71B269EC300AFA151 /* AppDelegate.m */; };
		AEB9D3AB1B269EC300AFA151 /* ViewController.m in Sources */ = {isa = PBXBuildFile; fileRef = AEB9D3AA1B269EC300AFA151 /* ViewController.m */; };
		AEB9D3AE1B269EC300AFA151 /* Main.storyboard in Resources */ = {isa = PBXBuildFile; fileRef = AEB9D3AC1B269EC300AFA151 /* Main.storyboard */; };
		AEB9D3B01B269EC300AFA151 /* Images.xcassets in Resources */ = {isa = PBXBuildFile; fileRef = AEB9D3AF1B269EC300AFA151 /* Images.xcassets */; };
		AEB9D3B31B269EC300AFA151 /* LaunchScreen.xib in Resources */ = {isa = PBXBuildFile; fileRef = AEB9D3B11B269EC300AFA151 /* LaunchScreen.xib */; };
		AEB9D3BF1B269EC300AFA151 /* PrintViewSampleTests.m in Sources */ = {isa = PBXBuildFile; fileRef = AEB9D3BE1B269EC300AFA151 /* PrintViewSampleTests.m */; };
/* End PBXBuildFile section */

/* Begin PBXContainerItemProxy section */
		AEB9D3B91B269EC300AFA151 /* PBXContainerItemProxy */ = {
			isa = PBXContainerItemProxy;
			containerPortal = AEB9D3971B269EC300AFA151 /* Project object */;
			proxyType = 1;
			remoteGlobalIDString = AEB9D39E1B269EC300AFA151;
			remoteInfo = PrintViewSample;
		};
/* End PBXContainerItemProxy section */

/* Begin PBXFileReference section */
		AEB9D39F1B269EC300AFA151 /* PrintViewSample.app */ = {isa = PBXFileReference; explicitFileType = wrapper.application; includeInIndex = 0; path = PrintViewSample.app; sourceTree = BUILT_PRODUCTS_DIR; };
		AEB9D3A31B269EC300AFA151 /* Info.plist */ = {isa = PBXFileReference; lastKnownFileType = text.plist.xml; path = Info.plist; sourceTree = "<group>"; };
		AEB9D3A41B269EC300AFA151 /* main.m */ = {isa = PBXFileReference; lastKnownFileType = sourcecode.c.objc; path = main.m; sourceTree = "<group>"; };
		AEB9D3A61B269EC300AFA151 /* AppDelegate.h */ = {isa = PBXFileReference; lastKnownFileType = sourcecode.c.h; path = AppDelegate.h; sourceTree = "<group>"; };
		AEB9D3A71B269EC300AFA151 /* AppDelegate.m */ = {isa = PBXFileReference; lastKnownFileType = sourcecode.c.objc; path = AppDelegate.m; sourceTree = "<group>"; };
		AEB9D3A91B269EC300AFA151 /* ViewController.h */ = {isa = PBXFileReference; lastKnownFileType = sourcecode.c.h; path = ViewController.h; sourceTree = "<group>"; };
		AEB9D3AA1B269EC300AFA151 /* ViewController.m */ = {isa = PBXFileReference; lastKnownFileType = sourcecode.c.objc; path = ViewController.m; sourceTree = "<group>"; };
		AEB9D3AD1B269EC300AFA151 /* Base */ = {isa = PBXFileReference; lastKnownFileType = file.storyboard; name = Base; path = Base.lproj/Main.storyboard; sourceTree = "<group>"; };
		AEB9D3AF1B269EC300AFA151 /* Images.xcassets */ = {isa = PBXFileReference; lastKnownFileType = folder.assetcatalog; path = Images.xcassets; sourceTree = "<group>"; };
		AEB9D3B21B269EC300AFA151 /* Base */ = {isa = PBXFileReference; lastKnownFileType = file.xib; name = Base; path = Base.lproj/LaunchScreen.xib; sourceTree = "<group>"; };
		AEB9D3B81B269EC300AFA151 /* PrintViewSampleTests.xctest */ = {isa = PBXFileReference; explicitFileType = wrapper.cfbundle; includeInIndex = 0; path = PrintViewSampleTests.xctest; sourceTree = BUILT_PRODUCTS_DIR; };
		AEB9D3BD1B269EC300AFA151 /* Info.plist */ = {isa = PBXFileReference; lastKnownFileType = text.plist.xml; path = Info.plist; sourceTree = "<group>"; };
		AEB9D3BE1B269EC300AFA151 /* PrintViewSampleTests.m */ = {isa = PBXFileReference; lastKnownFileType = sourcecode.c.objc; path = PrintViewSampleTests.m; sourceTree = "<group>"; };
/* End PBXFileReference section */

/* Begin PBXFrameworksBuildPhase section */
		AEB9D39C1B269EC300AFA151 /* Frameworks */ = {
			isa = PBXFrameworksBuildPhase;
			buildActionMask = 2147483647;
			files = (
			);
			runOnlyForDeploymentPostprocessing = 0;
		};
		AEB9D3B51B269EC300AFA151 /* Frameworks */ = {
			isa = PBXFrameworksBuildPhase;
			buildActionMask = 2147483647;
			files = (
			);
			runOnlyForDeploymentPostprocessing = 0;
		};
/* End PBXFrameworksBuildPhase section */

/* Begin PBXGroup section */
		AEB9D3961B269EC300AFA151 = {
			isa = PBXGroup;
			children = (
				AEB9D3A11B269EC300AFA151 /* PrintViewSample */,
				AEB9D3BB1B269EC300AFA151 /* PrintViewSampleTests */,
				AEB9D3A01B269EC300AFA151 /* Products */,
			);
			sourceTree = "<group>";
		};
		AEB9D3A01B269EC300AFA151 /* Products */ = {
			isa = PBXGroup;
			children = (
				AEB9D39F1B269EC300AFA151 /* PrintViewSample.app */,
				AEB9D3B81B269EC300AFA151 /* PrintViewSampleTests.xctest */,
			);
			name = Products;
			sourceTree = "<group>";
		};
		AEB9D3A11B269EC300AFA151 /* PrintViewSample */ = {
			isa = PBXGroup;
			children = (
				AEB9D3A61B269EC300AFA151 /* AppDelegate.h */,
				AEB9D3A71B269EC300AFA151 /* AppDelegate.m */,
				AEB9D3A91B269EC300AFA151 /* ViewController.h */,
				AEB9D3AA1B269EC300AFA151 /* ViewController.m */,
				AEB9D3AC1B269EC300AFA151 /* Main.storyboard */,
				AEB9D3AF1B269EC300AFA151 /* Images.xcassets */,
				AEB9D3B11B269EC300AFA151 /* LaunchScreen.xib */,
				AEB9D3A21B269EC300AFA151 /* Supporting Files */,
			);
			path = PrintViewSample;
			sourceTree = "<group>";
		};
		AEB9D3A21B269EC300AFA151 /* Supporting Files */ = {
			isa = PBXGroup;
			children = (
				AEB9D3A31B269EC300AFA151 /* Info.plist */,
				AEB9D3A41B269EC300AFA151 /* main.m */,
			);
			name = "Supporting Files";
			sourceTree = "<group>";
		};
		AEB9D3BB1B269EC300AFA151 /* PrintViewSampleTests */ = {
			isa = PBXGroup;
			children = (
				AEB9D3BE1B269EC300AFA151 /* PrintViewSampleTests.m */,
				AEB9D3BC1B269EC300AFA151 /* Supporting Files */,
			);
			path = PrintViewSampleTests;
			sourceTree = "<group>";
		};
		AEB9D3BC1B269EC300AFA151 /* Supporting Files */ = {
			isa = PBXGroup;
			children = (
				AEB9D3BD1B269EC300AFA151 /* Info.plist */,
			);
			name = "Supporting Files";
			sourceTree = "<group>";
		};
/* End PBXGroup section */

/* Begin PBXNativeTarget section */
		AEB9D39E1B269EC300AFA151 /* PrintViewSample */ = {
			isa = PBXNativeTarget;
			buildConfigurationList = AEB9D3C21B269EC300AFA151 /* Build configuration list for PBXNativeTarget "PrintViewSample" */;
			buildPhases = (
				AEB9D39B1B269EC300AFA151 /* Sources */,
				AEB9D39C1B269EC300AFA151 /* Frameworks */,
				AEB9D39D1B269EC300AFA151 /* Resources */,
			);
			buildRules = (
			);
			dependencies = (
			);
			name = PrintViewSample;
			productName = PrintViewSample;
			productReference = AEB9D39F1B269EC300AFA151 /* PrintViewSample.app */;
			productType = "com.apple.product-type.application";
		};
		AEB9D3B71B269EC300AFA151 /* PrintViewSampleTests */ = {
			isa = PBXNativeTarget;
			buildConfigurationList = AEB9D3C51B269EC300AFA151 /* Build configuration list for PBXNativeTarget "PrintViewSampleTests" */;
			buildPhases = (
				AEB9D3B41B269EC300AFA151 /* Sources */,
				AEB9D3B51B269EC300AFA151 /* Frameworks */,
				AEB9D3B61B269EC300AFA151 /* Resources */,
			);
			buildRules = (
			);
			dependencies = (
				AEB9D3BA1B269EC300AFA151 /* PBXTargetDependency */,
			);
			name = PrintViewSampleTests;
			productName = PrintViewSampleTests;
			productReference = AEB9D3B81B269EC300AFA151 /* PrintViewSampleTests.xctest */;
			productType = "com.apple.product-type.bundle.unit-test";
		};
/* End PBXNativeTarget section */

/* Begin PBXProject section */
		AEB9D3971B269EC300AFA151 /* Project object */ = {
			isa = PBXProject;
			attributes = {
				LastUpgradeCheck = 0630;
				ORGANIZATIONNAME = BabyTree;
				TargetAttributes = {
					AEB9D39E1B269EC300AFA151 = {
						CreatedOnToolsVersion = 6.3.2;
					};
					AEB9D3B71B269EC300AFA151 = {
						CreatedOnToolsVersion = 6.3.2;
						TestTargetID = AEB9D39E1B269EC300AFA151;
					};
				};
			};
			buildConfigurationList = AEB9D39A1B269EC300AFA151 /* Build configuration list for PBXProject "PrintViewSample" */;
			compatibilityVersion = "Xcode 3.2";
			developmentRegion = English;
			hasScannedForEncodings = 0;
			knownRegions = (
				en,
				Base,
			);
			mainGroup = AEB9D3961B269EC300AFA151;
			productRefGroup = AEB9D3A01B269EC300AFA151 /* Products */;
			projectDirPath = "";
			projectRoot = "";
			targets = (
				AEB9D39E1B269EC300AFA151 /* PrintViewSample */,
				AEB9D3B71B269EC300AFA151 /* PrintViewSampleTests */,
			);
		};
/* End PBXProject section */

/* Begin PBXResourcesBuildPhase section */
		AEB9D39D1B269EC300AFA151 /* Resources */ = {
			isa = PBXResourcesBuildPhase;
			buildActionMask = 2147483647;
			files = (
				AEB9D3AE1B269EC300AFA151 /* Main.storyboard in Resources */,
				AEB9D3B31B269EC300AFA151 /* LaunchScreen.xib in Resources */,
				AEB9D3B01B269EC300AFA151 /* Images.xcassets in Resources */,
			);
			runOnlyForDeploymentPostprocessing = 0;
		};
		AEB9D3B61B269EC300AFA151 /* Resources */ = {
			isa = PBXResourcesBuildPhase;
			buildActionMask = 2147483647;
			files = (
			);
			runOnlyForDeploymentPostprocessing = 0;
		};
/* End PBXResourcesBuildPhase section */

/* Begin PBXSourcesBuildPhase section */
		AEB9D39B1B269EC300AFA151 /* Sources */ = {
			isa = PBXSourcesBuildPhase;
			buildActionMask = 2147483647;
			files = (
				AEB9D3AB1B269EC300AFA151 /* ViewController.m in Sources */,
				AEB9D3A81B269EC300AFA151 /* AppDelegate.m in Sources */,
				AEB9D3A51B269EC300AFA151 /* main.m in Sources */,
			);
			runOnlyForDeploymentPostprocessing = 0;
		};
		AEB9D3B41B269EC300AFA151 /* Sources */ = {
			isa = PBXSourcesBuildPhase;
			buildActionMask = 2147483647;
			files = (
				AEB9D3BF1B269EC300AFA151 /* PrintViewSampleTests.m in Sources */,
			);
			runOnlyForDeploymentPostprocessing = 0;
		};
/* End PBXSourcesBuildPhase section */

/* Begin PBXTargetDependency section */
		AEB9D3BA1B269EC300AFA151 /* PBXTargetDependency */ = {
			isa = PBXTargetDependency;
			target = AEB9D39E1B269EC300AFA151 /* PrintViewSample */;
			targetProxy = AEB9D3B91B269EC300AFA151 /* PBXContainerItemProxy */;
		};
/* End PBXTargetDependency section */

/* Begin PBXVariantGroup section */
		AEB9D3AC1B269EC300AFA151 /* Main.storyboard */ = {
			isa = PBXVariantGroup;
			children = (
				AEB9D3AD1B269EC300AFA151 /* Base */,
			);
			name = Main.storyboard;
			sourceTree = "<group>";
		};
		AEB9D3B11B269EC300AFA151 /* LaunchScreen.xib */ = {
			isa = PBXVariantGroup;
			children = (
				AEB9D3B21B269EC300AFA151 /* Base */,
			);
			name = LaunchScreen.xib;
			sourceTree = "<group>";
		};
/* End PBXVariantGroup section */

/* Begin XCBuildConfiguration section */
		AEB9D3C01B269EC300AFA151 /* Debug */ = {
			isa = XCBuildConfiguration;
			buildSettings = {
				ALWAYS_SEARCH_USER_PATHS = NO;
				CLANG_CXX_LANGUAGE_STANDARD = "gnu++0x";
				CLANG_CXX_LIBRARY = "libc++";
				CLANG_ENABLE_MODULES = YES;
				CLANG_ENABLE_OBJC_ARC = YES;
				CLANG_WARN_BOOL_CONVERSION = YES;
				CLANG_WARN_CONSTANT_CONVERSION = YES;
				CLANG_WARN_DIRECT_OBJC_ISA_USAGE = YES_ERROR;
				CLANG_WARN_EMPTY_BODY = YES;
				CLANG_WARN_ENUM_CONVERSION = YES;
				CLANG_WARN_INT_CONVERSION = YES;
				CLANG_WARN_OBJC_ROOT_CLASS = YES_ERROR;
				CLANG_WARN_UNREACHABLE_CODE = YES;
				CLANG_WARN__DUPLICATE_METHOD_MATCH = YES;
				"CODE_SIGN_IDENTITY[sdk=iphoneos*]" = "iPhone Developer";
				COPY_PHASE_STRIP = NO;
				DEBUG_INFORMATION_FORMAT = "dwarf-with-dsym";
				ENABLE_STRICT_OBJC_MSGSEND = YES;
				GCC_C_LANGUAGE_STANDARD = gnu99;
				GCC_DYNAMIC_NO_PIC = NO;
				GCC_NO_COMMON_BLOCKS = YES;
				GCC_OPTIMIZATION_LEVEL = 0;
				GCC_PREPROCESSOR_DEFINITIONS = (
					"DEBUG=1",
					"$(inherited)",
				);
				GCC_SYMBOLS_PRIVATE_EXTERN = NO;
				GCC_WARN_64_TO_32_BIT_CONVERSION = YES;
				GCC_WARN_ABOUT_RETURN_TYPE = YES_ERROR;
				GCC_WARN_UNDECLARED_SELECTOR = YES;
				GCC_WARN_UNINITIALIZED_AUTOS = YES_AGGRESSIVE;
				GCC_WARN_UNUSED_FUNCTION = YES;
				GCC_WARN_UNUSED_VARIABLE = YES;
				IPHONEOS_DEPLOYMENT_TARGET = 8.3;
				MTL_ENABLE_DEBUG_INFO = YES;
				ONLY_ACTIVE_ARCH = YES;
				SDKROOT = iphoneos;
				TARGETED_DEVICE_FAMILY = "1,2";
			};
			name = Debug;
		};
		AEB9D3C11B269EC300AFA151 /* Release */ = {
			isa = XCBuildConfiguration;
			buildSettings = {
				ALWAYS_SEARCH_USER_PATHS = NO;
				CLANG_CXX_LANGUAGE_STANDARD = "gnu++0x";
				CLANG_CXX_LIBRARY = "libc++";
				CLANG_ENABLE_MODULES = YES;
				CLANG_ENABLE_OBJC_ARC = YES;
				CLANG_WARN_BOOL_CONVERSION = YES;
				CLANG_WARN_CONSTANT_CONVERSION = YES;
				CLANG_WARN_DIRECT_OBJC_ISA_USAGE = YES_ERROR;
				CLANG_WARN_EMPTY_BODY = YES;
				CLANG_WARN_ENUM_CONVERSION = YES;
				CLANG_WARN_INT_CONVERSION = YES;
				CLANG_WARN_OBJC_ROOT_CLASS = YES_ERROR;
				CLANG_WARN_UNREACHABLE_CODE = YES;
				CLANG_WARN__DUPLICATE_METHOD_MATCH = YES;
				"CODE_SIGN_IDENTITY[sdk=iphoneos*]" = "iPhone Developer";
				COPY_PHASE_STRIP = NO;
				DEBUG_INFORMATION_FORMAT = "dwarf-with-dsym";
				ENABLE_NS_ASSERTIONS = NO;
				ENABLE_STRICT_OBJC_MSGSEND = YES;
				GCC_C_LANGUAGE_STANDARD = gnu99;
				GCC_NO_COMMON_BLOCKS = YES;
				GCC_WARN_64_TO_32_BIT_CONVERSION = YES;
				GCC_WARN_ABOUT_RETURN_TYPE = YES_ERROR;
				GCC_WARN_UNDECLARED_SELECTOR = YES;
				GCC_WARN_UNINITIALIZED_AUTOS = YES_AGGRESSIVE;
				GCC_WARN_UNUSED_FUNCTION = YES;
				GCC_WARN_UNUSED_VARIABLE = YES;
				IPHONEOS_DEPLOYMENT_TARGET = 8.3;
				MTL_ENABLE_DEBUG_INFO = NO;
				SDKROOT = iphoneos;
				TARGETED_DEVICE_FAMILY = "1,2";
				VALIDATE_PRODUCT = YES;
			};
			name = Release;
		};
		AEB9D3C31B269EC300AFA151 /* Debug */ = {
			isa = XCBuildConfiguration;
			buildSettings = {
				ASSETCATALOG_COMPILER_APPICON_NAME = AppIcon;
				INFOPLIST_FILE = PrintViewSample/Info.plist;
				LD_RUNPATH_SEARCH_PATHS = "$(inherited) @executable_path/Frameworks";
				PRODUCT_NAME = "$(TARGET_NAME)";
			};
			name = Debug;
		};
		AEB9D3C41B269EC300AFA151 /* Release */ = {
			isa = XCBuildConfiguration;
			buildSettings = {
				ASSETCATALOG_COMPILER_APPICON_NAME = AppIcon;
				INFOPLIST_FILE = PrintViewSample/Info.plist;
				LD_RUNPATH_SEARCH_PATHS = "$(inherited) @executable_path/Frameworks";
				PRODUCT_NAME = "$(TARGET_NAME)";
			};
			name = Release;
		};
		AEB9D3C61B269EC300AFA151 /* Debug */ = {
			isa = XCBuildConfiguration;
			buildSettings = {
				BUNDLE_LOADER = "$(TEST_HOST)";
				FRAMEWORK_SEARCH_PATHS = (
					"$(SDKROOT)/Developer/Library/Frameworks",
					"$(inherited)",
				);
				GCC_PREPROCESSOR_DEFINITIONS = (
					"DEBUG=1",
					"$(inherited)",
				);
				INFOPLIST_FILE = PrintViewSampleTests/Info.plist;
				LD_RUNPATH_SEARCH_PATHS = "$(inherited) @executable_path/Frameworks @loader_path/Frameworks";
				PRODUCT_NAME = "$(TARGET_NAME)";
				TEST_HOST = "$(BUILT_PRODUCTS_DIR)/PrintViewSample.app/PrintViewSample";
			};
			name = Debug;
		};
		AEB9D3C71B269EC300AFA151 /* Release */ = {
			isa = XCBuildConfiguration;
			buildSettings = {
				BUNDLE_LOADER = "$(TEST_HOST)";
				FRAMEWORK_SEARCH_PATHS = (
					"$(SDKROOT)/Developer/Library/Frameworks",
					"$(inherited)",
				);
				INFOPLIST_FILE = PrintViewSampleTests/Info.plist;
				LD_RUNPATH_SEARCH_PATHS = "$(inherited) @executable_path/Frameworks @loader_path/Frameworks";
				PRODUCT_NAME = "$(TARGET_NAME)";
				TEST_HOST = "$(BUILT_PRODUCTS_DIR)/PrintViewSample.app/PrintViewSample";
			};
			name = Release;
		};
/* End XCBuildConfiguration section */

/* Begin XCConfigurationList section */
		AEB9D39A1B269EC300AFA151 /* Build configuration list for PBXProject "PrintViewSample" */ = {
			isa = XCConfigurationList;
			buildConfigurations = (
				AEB9D3C01B269EC300AFA151 /* Debug */,
				AEB9D3C11B269EC300AFA151 /* Release */,
			);
			defaultConfigurationIsVisible = 0;
			defaultConfigurationName = Release;
		};
		AEB9D3C21B269EC300AFA151 /* Build configuration list for PBXNativeTarget "PrintViewSample" */ = {
			isa = XCConfigurationList;
			buildConfigurations = (
				AEB9D3C31B269EC300AFA151 /* Debug */,
				AEB9D3C41B269EC300AFA151 /* Release */,
			);
			defaultConfigurationIsVisible = 0;
		};
		AEB9D3C51B269EC300AFA151 /* Build configuration list for PBXNativeTarget "PrintViewSampleTests" */ = {
			isa = XCConfigurationList;
			buildConfigurations = (
				AEB9D3C61B269EC300AFA151 /* Debug */,
				AEB9D3C71B269EC300AFA151 /* Release */,
			);
			defaultConfigurationIsVisible = 0;
		};
/* End XCConfigurationList section */
	};
	rootObject = AEB9D3971B269EC300AFA151 /* Project object */;
}
